
Microsoft Visual Studio Solution File, Format Version 12.00
# Visual Studio Version 17
VisualStudioVersion = 17.8.34330.188
MinimumVisualStudioVersion = 10.0.40219.1
Project("{FAE04EC0-301F-11D3-BF4B-00C04F79EFBC}") = "Fullstack.API", "Fullstack.API\Fullstack.API.csproj", "{65D9079C-A9DD-47E0-ABB8-B273FCD0E855}"
EndProject
Global
	GlobalSection(SolutionConfigurationPlatforms) = preSolution
		Debug|Any CPU = Debug|Any CPU
		Release|Any CPU = Release|Any CPU
	EndGlobalSection
	GlobalSection(ProjectConfigurationPlatforms) = postSolution
		{65D9079C-A9DD-47E0-ABB8-B273FCD0E855}.Debug|Any CPU.ActiveCfg = Debug|Any CPU
		{65D9079C-A9DD-47E0-ABB8-B273FCD0E855}.Debug|Any CPU.Build.0 = Debug|Any CPU
		{65D9079C-A9DD-47E0-ABB8-B273FCD0E855}.Release|Any CPU.ActiveCfg = Release|Any CPU
		{65D9079C-A9DD-47E0-ABB8-B273FCD0E855}.Release|Any CPU.Build.0 = Release|Any CPU
	EndGlobalSection
	GlobalSection(SolutionProperties) = preSolution
		HideSolutionNode = FALSE
	EndGlobalSection
	GlobalSection(ExtensibilityGlobals) = postSolution
		SolutionGuid = {29E449B6-324F-49DD-8E65-DDCC67DE3DA1}
	EndGlobalSection
EndGlobal
